
Microsoft Visual Studio Solution File, Format Version 11.00
# Visual Studio 2010
Project("{4925A630-B079-445d-BCD4-3A9C94FE9307}") = "FsEye", "FsEye\FsEye.fsproj", "{20de2466-d7b1-4f72-b8f8-51f10f5f186e}"
EndProject
Project("{4925A630-B079-445d-BCD4-3A9C94FE9307}") = "Utils", "Utils\Utils.fsproj", "{46b72fed-e4b4-4ce3-ae7b-97e43837ba2b}"
EndProject
Project("{2150E333-8FDC-42A3-9474-1A3956D46DE8}") = ".nuget", ".nuget", "{AB939582-CB0E-4FAE-B5EA-E2B7CD66C005}"
	ProjectSection(SolutionItems) = preProject
		.nuget\NuGet.Config = .nuget\NuGet.Config
		.nuget\NuGet.exe = .nuget\NuGet.exe
		.nuget\NuGet.targets = .nuget\NuGet.targets
	EndProjectSection
EndProject
Project("{4925A630-B079-445d-BCD4-3A9C94FE9307}") = "Debug.FsEye", "Debug.FsEye\Debug.FsEye.fsproj", "{fd9691cc-8069-4c02-b3b6-f990fbd6114d}"
EndProject
Project("{4925A630-B079-445d-BCD4-3A9C94FE9307}") = "FsEye.TreeView.Plugin", "FsEye.TreeView.Plugin\FsEye.TreeView.Plugin.fsproj", "{669bc59d-958a-4096-affe-7776cf68b46e}"
EndProject
Project("{4925A630-B079-445d-BCD4-3A9C94FE9307}") = "FsEye.PropertyGrid.Plugin", "FsEye.PropertyGrid.Plugin\FsEye.PropertyGrid.Plugin.fsproj", "{1f9b8cb8-8c0c-424c-9035-6562b637a233}"
EndProject
Global
	GlobalSection(SolutionConfigurationPlatforms) = preSolution
		Debug|Any CPU = Debug|Any CPU
		Debug|Mixed Platforms = Debug|Mixed Platforms
		Debug|x86 = Debug|x86
		Release|Any CPU = Release|Any CPU
		Release|Mixed Platforms = Release|Mixed Platforms
		Release|x86 = Release|x86
	EndGlobalSection
	GlobalSection(ProjectConfigurationPlatforms) = postSolution
		{1f9b8cb8-8c0c-424c-9035-6562b637a233}.Debug|Any CPU.ActiveCfg = Debug|Any CPU
		{1f9b8cb8-8c0c-424c-9035-6562b637a233}.Debug|Any CPU.Build.0 = Debug|Any CPU
		{1f9b8cb8-8c0c-424c-9035-6562b637a233}.Debug|Mixed Platforms.ActiveCfg = Debug|Any CPU
		{1f9b8cb8-8c0c-424c-9035-6562b637a233}.Debug|Mixed Platforms.Build.0 = Debug|Any CPU
		{1f9b8cb8-8c0c-424c-9035-6562b637a233}.Debug|x86.ActiveCfg = Debug|x86
		{1f9b8cb8-8c0c-424c-9035-6562b637a233}.Debug|x86.Build.0 = Debug|x86
		{1f9b8cb8-8c0c-424c-9035-6562b637a233}.Release|Any CPU.ActiveCfg = Release|Any CPU
		{1f9b8cb8-8c0c-424c-9035-6562b637a233}.Release|Any CPU.Build.0 = Release|Any CPU
		{1f9b8cb8-8c0c-424c-9035-6562b637a233}.Release|Mixed Platforms.ActiveCfg = Release|Any CPU
		{1f9b8cb8-8c0c-424c-9035-6562b637a233}.Release|Mixed Platforms.Build.0 = Release|Any CPU
		{1f9b8cb8-8c0c-424c-9035-6562b637a233}.Release|x86.ActiveCfg = Release|x86
		{1f9b8cb8-8c0c-424c-9035-6562b637a233}.Release|x86.Build.0 = Release|x86
		{20de2466-d7b1-4f72-b8f8-51f10f5f186e}.Debug|Any CPU.ActiveCfg = Debug|Any CPU
		{20de2466-d7b1-4f72-b8f8-51f10f5f186e}.Debug|Any CPU.Build.0 = Debug|Any CPU
		{20de2466-d7b1-4f72-b8f8-51f10f5f186e}.Debug|Mixed Platforms.ActiveCfg = Debug|Any CPU
		{20de2466-d7b1-4f72-b8f8-51f10f5f186e}.Debug|Mixed Platforms.Build.0 = Debug|Any CPU
		{20de2466-d7b1-4f72-b8f8-51f10f5f186e}.Debug|x86.ActiveCfg = Debug|x86
		{20de2466-d7b1-4f72-b8f8-51f10f5f186e}.Debug|x86.Build.0 = Debug|x86
		{20de2466-d7b1-4f72-b8f8-51f10f5f186e}.Release|Any CPU.ActiveCfg = Release|Any CPU
		{20de2466-d7b1-4f72-b8f8-51f10f5f186e}.Release|Any CPU.Build.0 = Release|Any CPU
		{20de2466-d7b1-4f72-b8f8-51f10f5f186e}.Release|Mixed Platforms.ActiveCfg = Release|Any CPU
		{20de2466-d7b1-4f72-b8f8-51f10f5f186e}.Release|Mixed Platforms.Build.0 = Release|Any CPU
		{20de2466-d7b1-4f72-b8f8-51f10f5f186e}.Release|x86.ActiveCfg = Release|x86
		{20de2466-d7b1-4f72-b8f8-51f10f5f186e}.Release|x86.Build.0 = Release|x86
		{46b72fed-e4b4-4ce3-ae7b-97e43837ba2b}.Debug|Any CPU.ActiveCfg = Debug|Any CPU
		{46b72fed-e4b4-4ce3-ae7b-97e43837ba2b}.Debug|Any CPU.Build.0 = Debug|Any CPU
		{46b72fed-e4b4-4ce3-ae7b-97e43837ba2b}.Debug|Mixed Platforms.ActiveCfg = Debug|Any CPU
		{46b72fed-e4b4-4ce3-ae7b-97e43837ba2b}.Debug|Mixed Platforms.Build.0 = Debug|Any CPU
		{46b72fed-e4b4-4ce3-ae7b-97e43837ba2b}.Debug|x86.ActiveCfg = Debug|x86
		{46b72fed-e4b4-4ce3-ae7b-97e43837ba2b}.Debug|x86.Build.0 = Debug|x86
		{46b72fed-e4b4-4ce3-ae7b-97e43837ba2b}.Release|Any CPU.ActiveCfg = Release|Any CPU
		{46b72fed-e4b4-4ce3-ae7b-97e43837ba2b}.Release|Any CPU.Build.0 = Release|Any CPU
		{46b72fed-e4b4-4ce3-ae7b-97e43837ba2b}.Release|Mixed Platforms.ActiveCfg = Release|Any CPU
		{46b72fed-e4b4-4ce3-ae7b-97e43837ba2b}.Release|Mixed Platforms.Build.0 = Release|Any CPU
		{46b72fed-e4b4-4ce3-ae7b-97e43837ba2b}.Release|x86.ActiveCfg = Release|x86
		{46b72fed-e4b4-4ce3-ae7b-97e43837ba2b}.Release|x86.Build.0 = Release|x86
		{669bc59d-958a-4096-affe-7776cf68b46e}.Debug|Any CPU.ActiveCfg = Debug|Any CPU
		{669bc59d-958a-4096-affe-7776cf68b46e}.Debug|Any CPU.Build.0 = Debug|Any CPU
		{669bc59d-958a-4096-affe-7776cf68b46e}.Debug|Mixed Platforms.ActiveCfg = Debug|Any CPU
		{669bc59d-958a-4096-affe-7776cf68b46e}.Debug|Mixed Platforms.Build.0 = Debug|Any CPU
		{669bc59d-958a-4096-affe-7776cf68b46e}.Debug|x86.ActiveCfg = Debug|x86
		{669bc59d-958a-4096-affe-7776cf68b46e}.Debug|x86.Build.0 = Debug|x86
		{669bc59d-958a-4096-affe-7776cf68b46e}.Release|Any CPU.ActiveCfg = Release|Any CPU
		{669bc59d-958a-4096-affe-7776cf68b46e}.Release|Any CPU.Build.0 = Release|Any CPU
		{669bc59d-958a-4096-affe-7776cf68b46e}.Release|Mixed Platforms.ActiveCfg = Release|Any CPU
		{669bc59d-958a-4096-affe-7776cf68b46e}.Release|Mixed Platforms.Build.0 = Release|Any CPU
		{669bc59d-958a-4096-affe-7776cf68b46e}.Release|x86.ActiveCfg = Release|x86
		{669bc59d-958a-4096-affe-7776cf68b46e}.Release|x86.Build.0 = Release|x86
		{fd9691cc-8069-4c02-b3b6-f990fbd6114d}.Debug|Any CPU.ActiveCfg = Debug|Any CPU
		{fd9691cc-8069-4c02-b3b6-f990fbd6114d}.Debug|Any CPU.Build.0 = Debug|Any CPU
		{fd9691cc-8069-4c02-b3b6-f990fbd6114d}.Debug|Mixed Platforms.ActiveCfg = Debug|x86
		{fd9691cc-8069-4c02-b3b6-f990fbd6114d}.Debug|Mixed Platforms.Build.0 = Debug|x86
		{fd9691cc-8069-4c02-b3b6-f990fbd6114d}.Debug|x86.ActiveCfg = Debug|x86
		{fd9691cc-8069-4c02-b3b6-f990fbd6114d}.Debug|x86.Build.0 = Debug|x86
		{fd9691cc-8069-4c02-b3b6-f990fbd6114d}.Release|Any CPU.ActiveCfg = Release|Any CPU
		{fd9691cc-8069-4c02-b3b6-f990fbd6114d}.Release|Any CPU.Build.0 = Release|Any CPU
		{fd9691cc-8069-4c02-b3b6-f990fbd6114d}.Release|Mixed Platforms.ActiveCfg = Release|x86
		{fd9691cc-8069-4c02-b3b6-f990fbd6114d}.Release|Mixed Platforms.Build.0 = Release|x86
		{fd9691cc-8069-4c02-b3b6-f990fbd6114d}.Release|x86.ActiveCfg = Release|x86
		{fd9691cc-8069-4c02-b3b6-f990fbd6114d}.Release|x86.Build.0 = Release|x86
	EndGlobalSection
	GlobalSection(NestedProjects) = preSolution
	EndGlobalSection
	GlobalSection(MonoDevelopProperties) = preSolution
		StartupItem = Debug.FsEye\Debug.FsEye.fsproj
		Policies = $0
		$0.DotNetNamingPolicy = $1
		$1.DirectoryNamespaceAssociation = None
		$1.ResourceNamePolicy = FileFormatDefault
		$0.TextStylePolicy = $2
		$2.inheritsSet = null
		$2.scope = text/x-fsharp
		$0.TextStylePolicy = $3
		$3.FileWidth = 120
		$3.EolMarker = Windows
		$3.inheritsSet = VisualStudio
		$3.inheritsScope = text/plain
		$3.scope = text/plain
		$0.StandardHeader = $4
		$4.Text = 
		$4.IncludeInNewFiles = True
		$0.NameConventionPolicy = $5
		$5.Rules = $6
		$6.NamingRule = $7
		$7.Name = Namespaces
		$7.AffectedEntity = Namespace
		$7.VisibilityMask = VisibilityMask
		$7.NamingStyle = PascalCase
		$7.IncludeInstanceMembers = True
		$7.IncludeStaticEntities = True
		$6.NamingRule = $8
		$8.Name = Types
		$8.AffectedEntity = Class, Struct, Enum, Delegate
		$8.VisibilityMask = VisibilityMask
		$8.NamingStyle = PascalCase
		$8.IncludeInstanceMembers = True
		$8.IncludeStaticEntities = True
		$6.NamingRule = $9
		$9.Name = Interfaces
		$9.RequiredPrefixes = $10
		$10.String = I
		$9.AffectedEntity = Interface
		$9.VisibilityMask = VisibilityMask
		$9.NamingStyle = PascalCase
		$9.IncludeInstanceMembers = True
		$9.IncludeStaticEntities = True
		$6.NamingRule = $11
		$11.Name = Attributes
		$11.RequiredSuffixes = $12
		$12.String = Attribute
		$11.AffectedEntity = CustomAttributes
		$11.VisibilityMask = VisibilityMask
		$11.NamingStyle = PascalCase
		$11.IncludeInstanceMembers = True
		$11.IncludeStaticEntities = True
		$6.NamingRule = $13
		$13.Name = Event Arguments
		$13.RequiredSuffixes = $14
		$14.String = EventArgs
		$13.AffectedEntity = CustomEventArgs
		$13.VisibilityMask = VisibilityMask
		$13.NamingStyle = PascalCase
		$13.IncludeInstanceMembers = True
		$13.IncludeStaticEntities = True
		$6.NamingRule = $15
		$15.Name = Exceptions
		$15.RequiredSuffixes = $16
		$16.String = Exception
		$15.AffectedEntity = CustomExceptions
		$15.VisibilityMask = VisibilityMask
		$15.NamingStyle = PascalCase
		$15.IncludeInstanceMembers = True
		$15.IncludeStaticEntities = True
		$6.NamingRule = $17
		$17.Name = Methods
		$17.AffectedEntity = Methods
		$17.VisibilityMask = VisibilityMask
		$17.NamingStyle = PascalCase
		$17.IncludeInstanceMembers = True
		$17.IncludeStaticEntities = True
		$6.NamingRule = $18
		$18.Name = Static Readonly Fields
		$18.AffectedEntity = ReadonlyField
		$18.VisibilityMask = Internal, Protected, Public
		$18.NamingStyle = PascalCase
		$18.IncludeInstanceMembers = False
		$18.IncludeStaticEntities = True
		$6.NamingRule = $19
		$19.Name = Fields (Non Private)
		$19.AffectedEntity = Field
		$19.VisibilityMask = Internal, Protected, Public
		$19.NamingStyle = PascalCase
		$19.IncludeInstanceMembers = True
		$19.IncludeStaticEntities = True
		$6.NamingRule = $20
		$20.Name = ReadOnly Fields (Non Private)
		$20.AffectedEntity = ReadonlyField
		$20.VisibilityMask = Internal, Protected, Public
		$20.NamingStyle = PascalCase
		$20.IncludeInstanceMembers = True
		$20.IncludeStaticEntities = False
		$6.NamingRule = $21
		$21.Name = Fields (Private)
		$21.AllowedPrefixes = $22
		$22.String = _
		$22.String = m_
		$21.AffectedEntity = Field, ReadonlyField
		$21.VisibilityMask = Private
		$21.NamingStyle = CamelCase
		$21.IncludeInstanceMembers = True
		$21.IncludeStaticEntities = False
		$6.NamingRule = $23
		$23.Name = Static Fields (Private)
		$23.AffectedEntity = Field
		$23.VisibilityMask = Private
		$23.NamingStyle = CamelCase
		$23.IncludeInstanceMembers = False
		$23.IncludeStaticEntities = True
		$6.NamingRule = $24
		$24.Name = ReadOnly Fields (Private)
		$24.AllowedPrefixes = $25
		$25.String = _
		$25.String = m_
		$24.AffectedEntity = ReadonlyField
		$24.VisibilityMask = Private
		$24.NamingStyle = CamelCase
		$24.IncludeInstanceMembers = True
		$24.IncludeStaticEntities = False
		$6.NamingRule = $26
		$26.Name = Constant Fields
		$26.AffectedEntity = ConstantField
		$26.VisibilityMask = VisibilityMask
		$26.NamingStyle = PascalCase
		$26.IncludeInstanceMembers = True
		$26.IncludeStaticEntities = True
		$6.NamingRule = $27
		$27.Name = Properties
		$27.AffectedEntity = Property
		$27.VisibilityMask = VisibilityMask
		$27.NamingStyle = PascalCase
		$27.IncludeInstanceMembers = True
		$27.IncludeStaticEntities = True
		$6.NamingRule = $28
		$28.Name = Events
		$28.AffectedEntity = Event
		$28.VisibilityMask = VisibilityMask
		$28.NamingStyle = PascalCase
		$28.IncludeInstanceMembers = True
		$28.IncludeStaticEntities = True
		$6.NamingRule = $29
		$29.Name = Enum Members
		$29.AffectedEntity = EnumMember
		$29.VisibilityMask = VisibilityMask
		$29.NamingStyle = PascalCase
		$29.IncludeInstanceMembers = True
		$29.IncludeStaticEntities = True
		$6.NamingRule = $30
		$30.Name = Parameters
		$30.AffectedEntity = Parameter
		$30.VisibilityMask = VisibilityMask
		$30.NamingStyle = CamelCase
		$30.IncludeInstanceMembers = True
		$30.IncludeStaticEntities = True
		$6.NamingRule = $31
		$31.Name = Type Parameters
		$31.RequiredPrefixes = $32
		$32.String = T
		$31.AffectedEntity = TypeParameter
		$31.VisibilityMask = VisibilityMask
		$31.NamingStyle = PascalCase
		$31.IncludeInstanceMembers = True
		$31.IncludeStaticEntities = True
	EndGlobalSection
	GlobalSection(SolutionProperties) = preSolution
		HideSolutionNode = FALSE
	EndGlobalSection
EndGlobal
